Microsoft Visual Studio Solution File, Format Version 12.00
# Visual Studio Version 17
VisualStudioVersion = 17.0.31903.59
MinimumVisualStudioVersion = 10.0.40219.1
Project("{778DAE3C-4631-46EA-AA77-85C1314464D9}") = "GSM.Contracts", "GSM.Contracts\GSM.Contracts.vbproj", "{A1B2C3D4-1111-1111-1111-000000000001}"
EndProject
Project("{778DAE3C-4631-46EA-AA77-85C1314464D9}") = "GSM.Node", "GSM.Node\GSM.Node.vbproj", "{A1B2C3D4-2222-2222-2222-000000000002}"
EndProject
Project("{778DAE3C-4631-46EA-AA77-85C1314464D9}") = "GSM.Manager", "GSM.Manager\GSM.Manager.vbproj", "{A1B2C3D4-3333-3333-3333-000000000003}"
	ProjectSection(ProjectDependencies) = postProject
		{F71A3881-1203-4CE4-99F6-98BC6BE40551} = {F71A3881-1203-4CE4-99F6-98BC6BE40551}
	EndProjectSection
EndProject
Project("{F184B08F-C81C-45F6-A57F-5ABD9991F28F}") = "GSM.PluginsSource", "GSM.PluginsSource\GSM.PluginsSource.vbproj", "{F71A3881-1203-4CE4-99F6-98BC6BE40551}"
EndProject
Project("{778DAE3C-4631-46EA-AA77-85C1314464D9}") = "GSM.NodeSetup", "GSM.NodeSetup\GSM.NodeSetup.vbproj", "{A1B2C3D4-4444-4444-4444-000000000004}"
EndProject
Project("{778DAE3C-4631-46EA-AA77-85C1314464D9}") = "GSM.CtrlCSender", "GSM.CtrlCSender\GSM.CtrlCSender.vbproj", "{A1B2C3D4-5555-5555-5555-000000000005}"
EndProject
Project("{F184B08F-C81C-45F6-A57F-5ABD9991F28F}") = "GSM.Watchdog", "GSM.Watchdog\GSM.Watchdog.vbproj", "{F16A46E7-AE86-1071-7FCE-B65387DAC485}"
EndProject
Project("{F184B08F-C81C-45F6-A57F-5ABD9991F28F}") = "GSM.Shim.Protocol", "GSM.Shim.Protocol\GSM.Shim.Protocol.vbproj", "{B7E62D14-9A33-4C28-AE71-2F4C8D6E1A90}"
EndProject
Project("{F184B08F-C81C-45F6-A57F-5ABD9991F28F}") = "GSM.Shim", "GSM.Shim\GSM.Shim.vbproj", "{C3D9F4A2-5E18-4B7C-9D60-7A1E2F8B3C45}"
EndProject
Global
	GlobalSection(SolutionConfigurationPlatforms) = preSolution
		Debug|Any CPU = Debug|Any CPU
		Release|Any CPU = Release|Any CPU
	EndGlobalSection
	GlobalSection(ProjectConfigurationPlatforms) = postSolution
		{A1B2C3D4-1111-1111-1111-000000000001}.Debug|Any CPU.ActiveCfg = Debug|Any CPU
		{A1B2C3D4-1111-1111-1111-000000000001}.Debug|Any CPU.Build.0 = Debug|Any CPU
		{A1B2C3D4-1111-1111-1111-000000000001}.Release|Any CPU.ActiveCfg = Release|Any CPU
		{A1B2C3D4-1111-1111-1111-000000000001}.Release|Any CPU.Build.0 = Release|Any CPU
		{A1B2C3D4-2222-2222-2222-000000000002}.Debug|Any CPU.ActiveCfg = Debug|Any CPU
		{A1B2C3D4-2222-2222-2222-000000000002}.Debug|Any CPU.Build.0 = Debug|Any CPU
		{A1B2C3D4-2222-2222-2222-000000000002}.Release|Any CPU.ActiveCfg = Release|Any CPU
		{A1B2C3D4-2222-2222-2222-000000000002}.Release|Any CPU.Build.0 = Release|Any CPU
		{A1B2C3D4-3333-3333-3333-000000000003}.Debug|Any CPU.ActiveCfg = Debug|Any CPU
		{A1B2C3D4-3333-3333-3333-000000000003}.Debug|Any CPU.Build.0 = Debug|Any CPU
		{A1B2C3D4-3333-3333-3333-000000000003}.Release|Any CPU.ActiveCfg = Release|Any CPU
		{A1B2C3D4-3333-3333-3333-000000000003}.Release|Any CPU.Build.0 = Release|Any CPU
		{F71A3881-1203-4CE4-99F6-98BC6BE40551}.Debug|Any CPU.ActiveCfg = Debug|Any CPU
		{F71A3881-1203-4CE4-99F6-98BC6BE40551}.Debug|Any CPU.Build.0 = Debug|Any CPU
		{F71A3881-1203-4CE4-99F6-98BC6BE40551}.Release|Any CPU.ActiveCfg = Release|Any CPU
		{F71A3881-1203-4CE4-99F6-98BC6BE40551}.Release|Any CPU.Build.0 = Release|Any CPU
		{A1B2C3D4-4444-4444-4444-000000000004}.Debug|Any CPU.ActiveCfg = Debug|Any CPU
		{A1B2C3D4-4444-4444-4444-000000000004}.Debug|Any CPU.Build.0 = Debug|Any CPU
		{A1B2C3D4-4444-4444-4444-000000000004}.Release|Any CPU.ActiveCfg = Release|Any CPU
		{A1B2C3D4-4444-4444-4444-000000000004}.Release|Any CPU.Build.0 = Release|Any CPU
		{A1B2C3D4-5555-5555-5555-000000000005}.Debug|Any CPU.ActiveCfg = Debug|Any CPU
		{A1B2C3D4-5555-5555-5555-000000000005}.Debug|Any CPU.Build.0 = Debug|Any CPU
		{A1B2C3D4-5555-5555-5555-000000000005}.Release|Any CPU.ActiveCfg = Release|Any CPU
		{A1B2C3D4-5555-5555-5555-000000000005}.Release|Any CPU.Build.0 = Release|Any CPU
		{F16A46E7-AE86-1071-7FCE-B65387DAC485}.Debug|Any CPU.ActiveCfg = Debug|Any CPU
		{F16A46E7-AE86-1071-7FCE-B65387DAC485}.Debug|Any CPU.Build.0 = Debug|Any CPU
		{F16A46E7-AE86-1071-7FCE-B65387DAC485}.Release|Any CPU.ActiveCfg = Release|Any CPU
		{F16A46E7-AE86-1071-7FCE-B65387DAC485}.Release|Any CPU.Build.0 = Release|Any CPU
		{B7E62D14-9A33-4C28-AE71-2F4C8D6E1A90}.Debug|Any CPU.ActiveCfg = Debug|Any CPU
		{B7E62D14-9A33-4C28-AE71-2F4C8D6E1A90}.Debug|Any CPU.Build.0 = Debug|Any CPU
		{B7E62D14-9A33-4C28-AE71-2F4C8D6E1A90}.Release|Any CPU.ActiveCfg = Release|Any CPU
		{B7E62D14-9A33-4C28-AE71-2F4C8D6E1A90}.Release|Any CPU.Build.0 = Release|Any CPU
		{C3D9F4A2-5E18-4B7C-9D60-7A1E2F8B3C45}.Debug|Any CPU.ActiveCfg = Debug|Any CPU
		{C3D9F4A2-5E18-4B7C-9D60-7A1E2F8B3C45}.Debug|Any CPU.Build.0 = Debug|Any CPU
		{C3D9F4A2-5E18-4B7C-9D60-7A1E2F8B3C45}.Release|Any CPU.ActiveCfg = Release|Any CPU
		{C3D9F4A2-5E18-4B7C-9D60-7A1E2F8B3C45}.Release|Any CPU.Build.0 = Release|Any CPU
	EndGlobalSection
	GlobalSection(SolutionProperties) = preSolution
		HideSolutionNode = FALSE
	EndGlobalSection
	GlobalSection(ExtensibilityGlobals) = postSolution
		SolutionGuid = {F3F39FF4-DC26-4F6F-9F8E-5DF3B19CA367}
	EndGlobalSection
EndGlobal
